{
  "pins" : [
    {
      "identity" : "alamofire",
      "kind" : "remoteSourceControl",
      "location" : "https://github.com/Alamofire/Alamofire.git",
      "state" : {
        "branch" : "master",
        "revision" : "fd87f7ce7461197ea5af6e4a865168b8fc913ee0"
      }
    },
    {
      "identity" : "xmlmapper",
      "kind" : "remoteSourceControl",
      "location" : "https://github.com/gcharita/XMLMapper.git",
      "state" : {
        "branch" : "master",
        "revision" : "6218f338c559f220c41d48828edce0b90f406a8d"
      }
    }
  ],
  "version" : 2
}
